
Microsoft Visual Studio Solution File, Format Version 12.00
# Visual Studio Version 17
VisualStudioVersion = 17.6.33723.286
MinimumVisualStudioVersion = 10.0.40219.1
Project("{FAE04EC0-301F-11D3-BF4B-00C04F79EFBC}") = "ConsoleApp37", "ConsoleApp37\ConsoleApp37.csproj", "{90B20E73-609B-4126-9560-E96A297D360B}"
EndProject
Global
	GlobalSection(SolutionConfigurationPlatforms) = preSolution
		Debug|Any CPU = Debug|Any CPU
		Release|Any CPU = Release|Any CPU
	EndGlobalSection
	GlobalSection(ProjectConfigurationPlatforms) = postSolution
		{90B20E73-609B-4126-9560-E96A297D360B}.Debug|Any CPU.ActiveCfg = Debug|Any CPU
		{90B20E73-609B-4126-9560-E96A297D360B}.Debug|Any CPU.Build.0 = Debug|Any CPU
		{90B20E73-609B-4126-9560-E96A297D360B}.Release|Any CPU.ActiveCfg = Release|Any CPU
		{90B20E73-609B-4126-9560-E96A297D360B}.Release|Any CPU.Build.0 = Release|Any CPU
	EndGlobalSection
	GlobalSection(SolutionProperties) = preSolution
		HideSolutionNode = FALSE
	EndGlobalSection
	GlobalSection(ExtensibilityGlobals) = postSolution
		SolutionGuid = {DB4EABA5-FFC0-4868-9C2A-EE9C1AF8D8E5}
	EndGlobalSection
EndGlobal
